
Microsoft Visual Studio Solution File, Format Version 12.00
# Visual Studio 15
VisualStudioVersion = 15.0.27130.2003
MinimumVisualStudioVersion = 10.0.40219.1
Project("{FAE04EC0-301F-11D3-BF4B-00C04F79EFBC}") = "putSharp", "putSharp\putSharp.csproj", "{876E39A7-2608-4516-9331-B6F399328190}"
EndProject
Global
	GlobalSection(SolutionConfigurationPlatforms) = preSolution
		Debug|Any CPU = Debug|Any CPU
		Release|Any CPU = Release|Any CPU
	EndGlobalSection
	GlobalSection(ProjectConfigurationPlatforms) = postSolution
		{876E39A7-2608-4516-9331-B6F399328190}.Debug|Any CPU.ActiveCfg = Debug|Any CPU
		{876E39A7-2608-4516-9331-B6F399328190}.Debug|Any CPU.Build.0 = Debug|Any CPU
		{876E39A7-2608-4516-9331-B6F399328190}.Release|Any CPU.ActiveCfg = Release|Any CPU
		{876E39A7-2608-4516-9331-B6F399328190}.Release|Any CPU.Build.0 = Release|Any CPU
	EndGlobalSection
	GlobalSection(SolutionProperties) = preSolution
		HideSolutionNode = FALSE
	EndGlobalSection
	GlobalSection(ExtensibilityGlobals) = postSolution
		SolutionGuid = {23D2E094-4E50-4946-8B59-F611433EAE24}
	EndGlobalSection
EndGlobal
